// !$*UTF8*$!
{
	archiveVersion = 1;
	classes = {
	};
	objectVersion = 46;
	objects = {

/* Begin PBXBuildFile section */
		8124CE071D41F449004C7859 /* AppDelegate.swift in Sources */ = {isa = PBXBuildFile; fileRef = 8124CE061D41F449004C7859 /* AppDelegate.swift */; };
		8124CE091D41F449004C7859 /* ViewController.swift in Sources */ = {isa = PBXBuildFile; fileRef = 8124CE081D41F449004C7859 /* ViewController.swift */; };
		8124CE0C1D41F449004C7859 /* Main.storyboard in Resources */ = {isa = PBXBuildFile; fileRef = 8124CE0A1D41F449004C7859 /* Main.storyboard */; };
		8124CE0E1D41F449004C7859 /* Assets.xcassets in Resources */ = {isa = PBXBuildFile; fileRef = 8124CE0D1D41F449004C7859 /* Assets.xcassets */; };
		8124CE111D41F449004C7859 /* LaunchScreen.storyboard in Resources */ = {isa = PBXBuildFile; fileRef = 8124CE0F1D41F449004C7859 /* LaunchScreen.storyboard */; };
		8124CE2D1D41F507004C7859 /* AppContext.swift in Sources */ = {isa = PBXBuildFile; fileRef = 8124CE1A1D41F507004C7859 /* AppContext.swift */; };
		8124CE2E1D41F507004C7859 /* ApiProxy.swift in Sources */ = {isa = PBXBuildFile; fileRef = 8124CE1D1D41F507004C7859 /* ApiProxy.swift */; };
		8124CE2F1D41F507004C7859 /* APIBaseManager.swift in Sources */ = {isa = PBXBuildFile; fileRef = 8124CE1F1D41F507004C7859 /* APIBaseManager.swift */; };
		8124CE301D41F507004C7859 /* ManagerProtocols.swift in Sources */ = {isa = PBXBuildFile; fileRef = 8124CE201D41F507004C7859 /* ManagerProtocols.swift */; };
		8124CE311D41F507004C7859 /* URLResponse.swift in Sources */ = {isa = PBXBuildFile; fileRef = 8124CE221D41F507004C7859 /* URLResponse.swift */; };
		8124CE321D41F507004C7859 /* NetworkingConfiguration.swift in Sources */ = {isa = PBXBuildFile; fileRef = 8124CE241D41F507004C7859 /* NetworkingConfiguration.swift */; };
		8124CE331D41F507004C7859 /* OneAPPService.swift in Sources */ = {isa = PBXBuildFile; fileRef = 8124CE261D41F507004C7859 /* OneAPPService.swift */; };
		8124CE341D41F507004C7859 /* RequestGenerator.swift in Sources */ = {isa = PBXBuildFile; fileRef = 8124CE291D41F507004C7859 /* RequestGenerator.swift */; };
		8124CE351D41F507004C7859 /* Service.swift in Sources */ = {isa = PBXBuildFile; fileRef = 8124CE2B1D41F507004C7859 /* Service.swift */; };
		8124CE361D41F507004C7859 /* ServiceFactory.swift in Sources */ = {isa = PBXBuildFile; fileRef = 8124CE2C1D41F507004C7859 /* ServiceFactory.swift */; };
		8124CE391D41F59B004C7859 /* TestAPIManager.swift in Sources */ = {isa = PBXBuildFile; fileRef = 8124CE381D41F59B004C7859 /* TestAPIManager.swift */; };
		FACAB1A4A6CC991184EB297F /* Pods_DCNetworking.framework in Frameworks */ = {isa = PBXBuildFile; fileRef = 6471FAACB7B64105BD5C8E07 /* Pods_DCNetworking.framework */; };
/* End PBXBuildFile section */

/* Begin PBXFileReference section */
		6471FAACB7B64105BD5C8E07 /* Pods_DCNetworking.framework */ = {isa = PBXFileReference; explicitFileType = wrapper.framework; includeInIndex = 0; path = Pods_DCNetworking.framework; sourceTree = BUILT_PRODUCTS_DIR; };
		8124CE031D41F449004C7859 /* DCNetworking.app */ = {isa = PBXFileReference; explicitFileType = wrapper.application; includeInIndex = 0; path = DCNetworking.app; sourceTree = BUILT_PRODUCTS_DIR; };
		8124CE061D41F449004C7859 /* AppDelegate.swift */ = {isa = PBXFileReference; lastKnownFileType = sourcecode.swift; path = AppDelegate.swift; sourceTree = "<group>"; };
		8124CE081D41F449004C7859 /* ViewController.swift */ = {isa = PBXFileReference; lastKnownFileType = sourcecode.swift; path = ViewController.swift; sourceTree = "<group>"; };
		8124CE0B1D41F449004C7859 /* Base */ = {isa = PBXFileReference; lastKnownFileType = file.storyboard; name = Base; path = Base.lproj/Main.storyboard; sourceTree = "<group>"; };
		8124CE0D1D41F449004C7859 /* Assets.xcassets */ = {isa = PBXFileReference; lastKnownFileType = folder.assetcatalog; path = Assets.xcassets; sourceTree = "<group>"; };
		8124CE101D41F449004C7859 /* Base */ = {isa = PBXFileReference; lastKnownFileType = file.storyboard; name = Base; path = Base.lproj/LaunchScreen.storyboard; sourceTree = "<group>"; };
		8124CE121D41F449004C7859 /* Info.plist */ = {isa = PBXFileReference; lastKnownFileType = text.plist.xml; path = Info.plist; sourceTree = "<group>"; };
		8124CE1A1D41F507004C7859 /* AppContext.swift */ = {isa = PBXFileReference; fileEncoding = 4; lastKnownFileType = sourcecode.swift; path = AppContext.swift; sourceTree = "<group>"; };
		8124CE1D1D41F507004C7859 /* ApiProxy.swift */ = {isa = PBXFileReference; fileEncoding = 4; lastKnownFileType = sourcecode.swift; path = ApiProxy.swift; sourceTree = "<group>"; };
		8124CE1F1D41F507004C7859 /* APIBaseManager.swift */ = {isa = PBXFileReference; fileEncoding = 4; lastKnownFileType = sourcecode.swift; path = APIBaseManager.swift; sourceTree = "<group>"; };
		8124CE201D41F507004C7859 /* ManagerProtocols.swift */ = {isa = PBXFileReference; fileEncoding = 4; lastKnownFileType = sourcecode.swift; path = ManagerProtocols.swift; sourceTree = "<group>"; };
		8124CE221D41F507004C7859 /* URLResponse.swift */ = {isa = PBXFileReference; fileEncoding = 4; lastKnownFileType = sourcecode.swift; path = URLResponse.swift; sourceTree = "<group>"; };
		8124CE241D41F507004C7859 /* NetworkingConfiguration.swift */ = {isa = PBXFileReference; fileEncoding = 4; lastKnownFileType = sourcecode.swift; path = NetworkingConfiguration.swift; sourceTree = "<group>"; };
		8124CE261D41F507004C7859 /* OneAPPService.swift */ = {isa = PBXFileReference; fileEncoding = 4; lastKnownFileType = sourcecode.swift; path = OneAPPService.swift; sourceTree = "<group>"; };
		8124CE291D41F507004C7859 /* RequestGenerator.swift */ = {isa = PBXFileReference; fileEncoding = 4; lastKnownFileType = sourcecode.swift; path = RequestGenerator.swift; sourceTree = "<group>"; };
		8124CE2B1D41F507004C7859 /* Service.swift */ = {isa = PBXFileReference; fileEncoding = 4; lastKnownFileType = sourcecode.swift; path = Service.swift; sourceTree = "<group>"; };
		8124CE2C1D41F507004C7859 /* ServiceFactory.swift */ = {isa = PBXFileReference; fileEncoding = 4; lastKnownFileType = sourcecode.swift; path = ServiceFactory.swift; sourceTree = "<group>"; };
		8124CE381D41F59B004C7859 /* TestAPIManager.swift */ = {isa = PBXFileReference; fileEncoding = 4; lastKnownFileType = sourcecode.swift; path = TestAPIManager.swift; sourceTree = "<group>"; };
		E150BFB0A07DDC1853329F81 /* Pods-DCNetworking.debug.xcconfig */ = {isa = PBXFileReference; includeInIndex = 1; lastKnownFileType = text.xcconfig; name = "Pods-DCNetworking.debug.xcconfig"; path = "Pods/Target Support Files/Pods-DCNetworking/Pods-DCNetworking.debug.xcconfig"; sourceTree = "<group>"; };
		EF157980A8EEA0FD4BE1F565 /* Pods-DCNetworking.release.xcconfig */ = {isa = PBXFileReference; includeInIndex = 1; lastKnownFileType = text.xcconfig; name = "Pods-DCNetworking.release.xcconfig"; path = "Pods/Target Support Files/Pods-DCNetworking/Pods-DCNetworking.release.xcconfig"; sourceTree = "<group>"; };
/* End PBXFileReference section */

/* Begin PBXFrameworksBuildPhase section */
		8124CE001D41F449004C7859 /* Frameworks */ = {
			isa = PBXFrameworksBuildPhase;
			buildActionMask = 2147483647;
			files = (
				FACAB1A4A6CC991184EB297F /* Pods_DCNetworking.framework in Frameworks */,
			);
			runOnlyForDeploymentPostprocessing = 0;
		};
/* End PBXFrameworksBuildPhase section */

/* Begin PBXGroup section */
		15A6B7A6E3FF50E4C98D348A /* Frameworks */ = {
			isa = PBXGroup;
			children = (
				6471FAACB7B64105BD5C8E07 /* Pods_DCNetworking.framework */,
			);
			name = Frameworks;
			sourceTree = "<group>";
		};
		670E641860BF2F50C948D851 /* Pods */ = {
			isa = PBXGroup;
			children = (
				E150BFB0A07DDC1853329F81 /* Pods-DCNetworking.debug.xcconfig */,
				EF157980A8EEA0FD4BE1F565 /* Pods-DCNetworking.release.xcconfig */,
			);
			name = Pods;
			sourceTree = "<group>";
		};
		8124CDFA1D41F449004C7859 = {
			isa = PBXGroup;
			children = (
				8124CE051D41F449004C7859 /* DCNetworking */,
				8124CE041D41F449004C7859 /* Products */,
				670E641860BF2F50C948D851 /* Pods */,
				15A6B7A6E3FF50E4C98D348A /* Frameworks */,
			);
			sourceTree = "<group>";
		};
		8124CE041D41F449004C7859 /* Products */ = {
			isa = PBXGroup;
			children = (
				8124CE031D41F449004C7859 /* DCNetworking.app */,
			);
			name = Products;
			sourceTree = "<group>";
		};
		8124CE051D41F449004C7859 /* DCNetworking */ = {
			isa = PBXGroup;
			children = (
				8124CE181D41F507004C7859 /* Networking */,
				8124CE371D41F571004C7859 /* Demo */,
				8124CE081D41F449004C7859 /* ViewController.swift */,
				8124CE061D41F449004C7859 /* AppDelegate.swift */,
				8124CE0A1D41F449004C7859 /* Main.storyboard */,
				8124CE0D1D41F449004C7859 /* Assets.xcassets */,
				8124CE0F1D41F449004C7859 /* LaunchScreen.storyboard */,
				8124CE121D41F449004C7859 /* Info.plist */,
			);
			path = DCNetworking;
			sourceTree = "<group>";
		};
		8124CE181D41F507004C7859 /* Networking */ = {
			isa = PBXGroup;
			children = (
				8124CE191D41F507004C7859 /* AppContext */,
				8124CE1B1D41F507004C7859 /* Components */,
				8124CE231D41F507004C7859 /* Configurations */,
				8124CE251D41F507004C7859 /* CustomServices */,
				8124CE271D41F507004C7859 /* Generators */,
				8124CE2A1D41F507004C7859 /* Services */,
			);
			path = Networking;
			sourceTree = "<group>";
		};
		8124CE191D41F507004C7859 /* AppContext */ = {
			isa = PBXGroup;
			children = (
				8124CE1A1D41F507004C7859 /* AppContext.swift */,
			);
			path = AppContext;
			sourceTree = "<group>";
		};
		8124CE1B1D41F507004C7859 /* Components */ = {
			isa = PBXGroup;
			children = (
				8124CE1C1D41F507004C7859 /* APIProxy */,
				8124CE1E1D41F507004C7859 /* BaseAPIManager */,
				8124CE211D41F507004C7859 /* URLResponse */,
			);
			path = Components;
			sourceTree = "<group>";
		};
		8124CE1C1D41F507004C7859 /* APIProxy */ = {
			isa = PBXGroup;
			children = (
				8124CE1D1D41F507004C7859 /* ApiProxy.swift */,
			);
			path = APIProxy;
			sourceTree = "<group>";
		};
		8124CE1E1D41F507004C7859 /* BaseAPIManager */ = {
			isa = PBXGroup;
			children = (
				8124CE1F1D41F507004C7859 /* APIBaseManager.swift */,
				8124CE201D41F507004C7859 /* ManagerProtocols.swift */,
			);
			path = BaseAPIManager;
			sourceTree = "<group>";
		};
		8124CE211D41F507004C7859 /* URLResponse */ = {
			isa = PBXGroup;
			children = (
				8124CE221D41F507004C7859 /* URLResponse.swift */,
			);
			path = URLResponse;
			sourceTree = "<group>";
		};
		8124CE231D41F507004C7859 /* Configurations */ = {
			isa = PBXGroup;
			children = (
				8124CE241D41F507004C7859 /* NetworkingConfiguration.swift */,
			);
			path = Configurations;
			sourceTree = "<group>";
		};
		8124CE251D41F507004C7859 /* CustomServices */ = {
			isa = PBXGroup;
			children = (
				8124CE261D41F507004C7859 /* OneAPPService.swift */,
			);
			path = CustomServices;
			sourceTree = "<group>";
		};
		8124CE271D41F507004C7859 /* Generators */ = {
			isa = PBXGroup;
			children = (
				8124CE281D41F507004C7859 /* RequestGenerator */,
			);
			path = Generators;
			sourceTree = "<group>";
		};
		8124CE281D41F507004C7859 /* RequestGenerator */ = {
			isa = PBXGroup;
			children = (
				8124CE291D41F507004C7859 /* RequestGenerator.swift */,
			);
			path = RequestGenerator;
			sourceTree = "<group>";
		};
		8124CE2A1D41F507004C7859 /* Services */ = {
			isa = PBXGroup;
			children = (
				8124CE2B1D41F507004C7859 /* Service.swift */,
				8124CE2C1D41F507004C7859 /* ServiceFactory.swift */,
			);
			path = Services;
			sourceTree = "<group>";
		};
		8124CE371D41F571004C7859 /* Demo */ = {
			isa = PBXGroup;
			children = (
				8124CE381D41F59B004C7859 /* TestAPIManager.swift */,
			);
			path = Demo;
			sourceTree = "<group>";
		};
/* End PBXGroup section */

/* Begin PBXNativeTarget section */
		8124CE021D41F449004C7859 /* DCNetworking */ = {
			isa = PBXNativeTarget;
			buildConfigurationList = 8124CE151D41F449004C7859 /* Build configuration list for PBXNativeTarget "DCNetworking" */;
			buildPhases = (
				ADA5A024D2DF6865C656C10C /* 📦 Check Pods Manifest.lock */,
				8124CDFF1D41F449004C7859 /* Sources */,
				8124CE001D41F449004C7859 /* Frameworks */,
				8124CE011D41F449004C7859 /* Resources */,
				3F47EA4D86E2D5CCE4C820D1 /* 📦 Embed Pods Frameworks */,
				AD52B45C1E272A366E50CA47 /* 📦 Copy Pods Resources */,
			);
			buildRules = (
			);
			dependencies = (
			);
			name = DCNetworking;
			productName = DCNetworking;
			productReference = 8124CE031D41F449004C7859 /* DCNetworking.app */;
			productType = "com.apple.product-type.application";
		};
/* End PBXNativeTarget section */

/* Begin PBXProject section */
		8124CDFB1D41F449004C7859 /* Project object */ = {
			isa = PBXProject;
			attributes = {
				LastSwiftUpdateCheck = 0730;
				LastUpgradeCheck = 0730;
				ORGANIZATIONNAME = DcBunny;
				TargetAttributes = {
					8124CE021D41F449004C7859 = {
						CreatedOnToolsVersion = 7.3.1;
					};
				};
			};
			buildConfigurationList = 8124CDFE1D41F449004C7859 /* Build configuration list for PBXProject "DCNetworking" */;
			compatibilityVersion = "Xcode 3.2";
			developmentRegion = English;
			hasScannedForEncodings = 0;
			knownRegions = (
				en,
				Base,
			);
			mainGroup = 8124CDFA1D41F449004C7859;
			productRefGroup = 8124CE041D41F449004C7859 /* Products */;
			projectDirPath = "";
			projectRoot = "";
			targets = (
				8124CE021D41F449004C7859 /* DCNetworking */,
			);
		};
/* End PBXProject section */

/* Begin PBXResourcesBuildPhase section */
		8124CE011D41F449004C7859 /* Resources */ = {
			isa = PBXResourcesBuildPhase;
			buildActionMask = 2147483647;
			files = (
				8124CE111D41F449004C7859 /* LaunchScreen.storyboard in Resources */,
				8124CE0E1D41F449004C7859 /* Assets.xcassets in Resources */,
				8124CE0C1D41F449004C7859 /* Main.storyboard in Resources */,
			);
			runOnlyForDeploymentPostprocessing = 0;
		};
/* End PBXResourcesBuildPhase section */

/* Begin PBXShellScriptBuildPhase section */
		3F47EA4D86E2D5CCE4C820D1 /* 📦 Embed Pods Frameworks */ = {
			isa = PBXShellScriptBuildPhase;
			buildActionMask = 2147483647;
			files = (
			);
			inputPaths = (
			);
			name = "📦 Embed Pods Frameworks";
			outputPaths = (
			);
			runOnlyForDeploymentPostprocessing = 0;
			shellPath = /bin/sh;
			shellScript = "\"${SRCROOT}/Pods/Target Support Files/Pods-DCNetworking/Pods-DCNetworking-frameworks.sh\"\n";
			showEnvVarsInLog = 0;
		};
		AD52B45C1E272A366E50CA47 /* 📦 Copy Pods Resources */ = {
			isa = PBXShellScriptBuildPhase;
			buildActionMask = 2147483647;
			files = (
			);
			inputPaths = (
			);
			name = "📦 Copy Pods Resources";
			outputPaths = (
			);
			runOnlyForDeploymentPostprocessing = 0;
			shellPath = /bin/sh;
			shellScript = "\"${SRCROOT}/Pods/Target Support Files/Pods-DCNetworking/Pods-DCNetworking-resources.sh\"\n";
			showEnvVarsInLog = 0;
		};
		ADA5A024D2DF6865C656C10C /* 📦 Check Pods Manifest.lock */ = {
			isa = PBXShellScriptBuildPhase;
			buildActionMask = 2147483647;
			files = (
			);
			inputPaths = (
			);
			name = "📦 Check Pods Manifest.lock";
			outputPaths = (
			);
			runOnlyForDeploymentPostprocessing = 0;
			shellPath = /bin/sh;
			shellScript = "diff \"${PODS_ROOT}/../Podfile.lock\" \"${PODS_ROOT}/Manifest.lock\" > /dev/null\nif [[ $? != 0 ]] ; then\n    cat << EOM\nerror: The sandbox is not in sync with the Podfile.lock. Run 'pod install' or update your CocoaPods installation.\nEOM\n    exit 1\nfi\n";
			showEnvVarsInLog = 0;
		};
/* End PBXShellScriptBuildPhase section */

/* Begin PBXSourcesBuildPhase section */
		8124CDFF1D41F449004C7859 /* Sources */ = {
			isa = PBXSourcesBuildPhase;
			buildActionMask = 2147483647;
			files = (
				8124CE321D41F507004C7859 /* NetworkingConfiguration.swift in Sources */,
				8124CE2F1D41F507004C7859 /* APIBaseManager.swift in Sources */,
				8124CE091D41F449004C7859 /* ViewController.swift in Sources */,
				8124CE2E1D41F507004C7859 /* ApiProxy.swift in Sources */,
				8124CE301D41F507004C7859 /* ManagerProtocols.swift in Sources */,
				8124CE2D1D41F507004C7859 /* AppContext.swift in Sources */,
				8124CE311D41F507004C7859 /* URLResponse.swift in Sources */,
				8124CE331D41F507004C7859 /* OneAPPService.swift in Sources */,
				8124CE361D41F507004C7859 /* ServiceFactory.swift in Sources */,
				8124CE391D41F59B004C7859 /* TestAPIManager.swift in Sources */,
				8124CE351D41F507004C7859 /* Service.swift in Sources */,
				8124CE071D41F449004C7859 /* AppDelegate.swift in Sources */,
				8124CE341D41F507004C7859 /* RequestGenerator.swift in Sources */,
			);
			runOnlyForDeploymentPostprocessing = 0;
		};
/* End PBXSourcesBuildPhase section */

/* Begin PBXVariantGroup section */
		8124CE0A1D41F449004C7859 /* Main.storyboard */ = {
			isa = PBXVariantGroup;
			children = (
				8124CE0B1D41F449004C7859 /* Base */,
			);
			name = Main.storyboard;
			sourceTree = "<group>";
		};
		8124CE0F1D41F449004C7859 /* LaunchScreen.storyboard */ = {
			isa = PBXVariantGroup;
			children = (
				8124CE101D41F449004C7859 /* Base */,
			);
			name = LaunchScreen.storyboard;
			sourceTree = "<group>";
		};
/* End PBXVariantGroup section */

/* Begin XCBuildConfiguration section */
		8124CE131D41F449004C7859 /* Debug */ = {
			isa = XCBuildConfiguration;
			buildSettings = {
				ALWAYS_SEARCH_USER_PATHS = NO;
				CLANG_ANALYZER_NONNULL = YES;
				CLANG_CXX_LANGUAGE_STANDARD = "gnu++0x";
				CLANG_CXX_LIBRARY = "libc++";
				CLANG_ENABLE_MODULES = YES;
				CLANG_ENABLE_OBJC_ARC = YES;
				CLANG_WARN_BOOL_CONVERSION = YES;
				CLANG_WARN_CONSTANT_CONVERSION = YES;
				CLANG_WARN_DIRECT_OBJC_ISA_USAGE = YES_ERROR;
				CLANG_WARN_EMPTY_BODY = YES;
				CLANG_WARN_ENUM_CONVERSION = YES;
				CLANG_WARN_INT_CONVERSION = YES;
				CLANG_WARN_OBJC_ROOT_CLASS = YES_ERROR;
				CLANG_WARN_UNREACHABLE_CODE = YES;
				CLANG_WARN__DUPLICATE_METHOD_MATCH = YES;
				"CODE_SIGN_IDENTITY[sdk=iphoneos*]" = "iPhone Developer";
				COPY_PHASE_STRIP = NO;
				DEBUG_INFORMATION_FORMAT = dwarf;
				ENABLE_STRICT_OBJC_MSGSEND = YES;
				ENABLE_TESTABILITY = YES;
				GCC_C_LANGUAGE_STANDARD = gnu99;
				GCC_DYNAMIC_NO_PIC = NO;
				GCC_NO_COMMON_BLOCKS = YES;
				GCC_OPTIMIZATION_LEVEL = 0;
				GCC_PREPROCESSOR_DEFINITIONS = (
					"DEBUG=1",
					"$(inherited)",
				);
				GCC_WARN_64_TO_32_BIT_CONVERSION = YES;
				GCC_WARN_ABOUT_RETURN_TYPE = YES_ERROR;
				GCC_WARN_UNDECLARED_SELECTOR = YES;
				GCC_WARN_UNINITIALIZED_AUTOS = YES_AGGRESSIVE;
				GCC_WARN_UNUSED_FUNCTION = YES;
				GCC_WARN_UNUSED_VARIABLE = YES;
				IPHONEOS_DEPLOYMENT_TARGET = 9.3;
				MTL_ENABLE_DEBUG_INFO = YES;
				ONLY_ACTIVE_ARCH = YES;
				SDKROOT = iphoneos;
				SWIFT_OPTIMIZATION_LEVEL = "-Onone";
			};
			name = Debug;
		};
		8124CE141D41F449004C7859 /* Release */ = {
			isa = XCBuildConfiguration;
			buildSettings = {
				ALWAYS_SEARCH_USER_PATHS = NO;
				CLANG_ANALYZER_NONNULL = YES;
				CLANG_CXX_LANGUAGE_STANDARD = "gnu++0x";
				CLANG_CXX_LIBRARY = "libc++";
				CLANG_ENABLE_MODULES = YES;
				CLANG_ENABLE_OBJC_ARC = YES;
				CLANG_WARN_BOOL_CONVERSION = YES;
				CLANG_WARN_CONSTANT_CONVERSION = YES;
				CLANG_WARN_DIRECT_OBJC_ISA_USAGE = YES_ERROR;
				CLANG_WARN_EMPTY_BODY = YES;
				CLANG_WARN_ENUM_CONVERSION = YES;
				CLANG_WARN_INT_CONVERSION = YES;
				CLANG_WARN_OBJC_ROOT_CLASS = YES_ERROR;
				CLANG_WARN_UNREACHABLE_CODE = YES;
				CLANG_WARN__DUPLICATE_METHOD_MATCH = YES;
				"CODE_SIGN_IDENTITY[sdk=iphoneos*]" = "iPhone Developer";
				COPY_PHASE_STRIP = NO;
				DEBUG_INFORMATION_FORMAT = "dwarf-with-dsym";
				ENABLE_NS_ASSERTIONS = NO;
				ENABLE_STRICT_OBJC_MSGSEND = YES;
				GCC_C_LANGUAGE_STANDARD = gnu99;
				GCC_NO_COMMON_BLOCKS = YES;
				GCC_WARN_64_TO_32_BIT_CONVERSION = YES;
				GCC_WARN_ABOUT_RETURN_TYPE = YES_ERROR;
				GCC_WARN_UNDECLARED_SELECTOR = YES;
				GCC_WARN_UNINITIALIZED_AUTOS = YES_AGGRESSIVE;
				GCC_WARN_UNUSED_FUNCTION = YES;
				GCC_WARN_UNUSED_VARIABLE = YES;
				IPHONEOS_DEPLOYMENT_TARGET = 9.3;
				MTL_ENABLE_DEBUG_INFO = NO;
				SDKROOT = iphoneos;
				VALIDATE_PRODUCT = YES;
			};
			name = Release;
		};
		8124CE161D41F449004C7859 /* Debug */ = {
			isa = XCBuildConfiguration;
			baseConfigurationReference = E150BFB0A07DDC1853329F81 /* Pods-DCNetworking.debug.xcconfig */;
			buildSettings = {
				ASSETCATALOG_COMPILER_APPICON_NAME = AppIcon;
				INFOPLIST_FILE = DCNetworking/Info.plist;
				LD_RUNPATH_SEARCH_PATHS = "$(inherited) @executable_path/Frameworks";
				PRODUCT_BUNDLE_IDENTIFIER = com.DcBunny.DCNetworking;
				PRODUCT_NAME = "$(TARGET_NAME)";
			};
			name = Debug;
		};
		8124CE171D41F449004C7859 /* Release */ = {
			isa = XCBuildConfiguration;
			baseConfigurationReference = EF157980A8EEA0FD4BE1F565 /* Pods-DCNetworking.release.xcconfig */;
			buildSettings = {
				ASSETCATALOG_COMPILER_APPICON_NAME = AppIcon;
				INFOPLIST_FILE = DCNetworking/Info.plist;
				LD_RUNPATH_SEARCH_PATHS = "$(inherited) @executable_path/Frameworks";
				PRODUCT_BUNDLE_IDENTIFIER = com.DcBunny.DCNetworking;
				PRODUCT_NAME = "$(TARGET_NAME)";
			};
			name = Release;
		};
/* End XCBuildConfiguration section */

/* Begin XCConfigurationList section */
		8124CDFE1D41F449004C7859 /* Build configuration list for PBXProject "DCNetworking" */ = {
			isa = XCConfigurationList;
			buildConfigurations = (
				8124CE131D41F449004C7859 /* Debug */,
				8124CE141D41F449004C7859 /* Release */,
			);
			defaultConfigurationIsVisible = 0;
			defaultConfigurationName = Release;
		};
		8124CE151D41F449004C7859 /* Build configuration list for PBXNativeTarget "DCNetworking" */ = {
			isa = XCConfigurationList;
			buildConfigurations = (
				8124CE161D41F449004C7859 /* Debug */,
				8124CE171D41F449004C7859 /* Release */,
			);
			defaultConfigurationIsVisible = 0;
			defaultConfigurationName = Release;
		};
/* End XCConfigurationList section */
	};
	rootObject = 8124CDFB1D41F449004C7859 /* Project object */;
}
